github.com/ebfe/scard v0.0.0-20180726111930-69b75ee5a71f h1:HkbcPpK9F8Y+ZGkVZGREEWoPOFVRykQLfs+rp++xXvI=
github.com/ebfe/scard v0.0.0-20180726111930-69b75ee5a71f/go.mod h1:8hHvF8DlEq5kE3KWOsZQezdWq1OTOVxZArZMscS954E=
github.com/ebfe/scard v0.0.0-20190212122703-c3d1b1916a95 h1:OM0MnUcXBysj7ZtXvThVWHMoahuKQ8FuwIdeSLcNdP4=
github.com/ebfe/scard v0.0.0-20190212122703-c3d1b1916a95/go.mod h1:8hHvF8DlEq5kE3KWOsZQezdWq1OTOVxZArZMscS954E=
github.com/google/go-cmp v0.4.0 h1:xsAVV57WRhGj6kEIi8ReJzQlHHqcBYCElAvkovg3B/4=
github.com/google/go-cmp v0.4.0/go.mod h1:v8dTdLbMG2kIc/vJvl+f65V22dbkXbowE6jgT/gNBxE=
github.com/jacobsa/go-serial v0.0.0-20180131005756-15cf729a72d4 h1:G2ztCwXov8mRvP0ZfjE6nAlaCX2XbykaeHdbT6KwDz0=
github.com/jacobsa/go-serial v0.0.0-20180131005756-15cf729a72d4/go.mod h1:2RvX5ZjVtsznNZPEt4xwJXNJrM3VTZoQf7V6gk0ysvs=
github.com/mitchellh/go-homedir v0.0.0-20180523094522-3864e76763d9 h1:Y94YB7jrsihrbGSqRNMwRWJ2/dCxr0hdC2oPRohkx0A=
github.com/mitchellh/go-homedir v0.0.0-20180523094522-3864e76763d9/go.mod h1:SfyaCUpYCn1Vlf4IUYiD9fPX4A5wJrkLzIz1N1q0pr0=
github.com/mitchellh/go-homedir v1.1.0 h1:lukF9ziXFxDFPkA1vsr5zpc1XuPDn/wFntq5mG+4E0Y=
github.com/mitchellh/go-homedir v1.1.0/go.mod h1:SfyaCUpYCn1Vlf4IUYiD9fPX4A5wJrkLzIz1N1q0pr0=
github.com/op/go-logging v0.0.0-20160211212156-b2cb9fa56473 h1:J1QZwDXgZ4dJD2s19iqR9+U00OWM2kDzbf1O/fmvCWg=
github.com/op/go-logging v0.0.0-20160211212156-b2cb9fa56473/go.mod h1:HzydrMdWErDVzsI23lYNej1Htcns9BCg93Dk0bBINWk=
github.com/op/go-logging v0.0.0-20160315200505-970db520ece7 h1:lDH9UUVJtmYCjyT0CI4q8xvlXPxeZ0gYCVvWbmPlp88=
github.com/op/go-logging v0.0.0-20160315200505-970db520ece7/go.mod h1:HzydrMdWErDVzsI23lYNej1Htcns9BCg93Dk0bBINWk=
github.com/pkg/errors v0.8.0 h1:WdK/asTD0HN+q6hsWO3/vpuAkAr+tw6aNJNDFFf0+qw=
github.com/pkg/errors v0.8.0/go.mod h1:bwawxfHBFNV+L2hUp1rHADufV3IMtnDRdf1r5NINEl0=
github.com/pkg/errors v0.9.1 h1:FEBLx1zS214owpjy7qsBeixbURkuhQAwrK5UwLGTwt4=
github.com/pkg/errors v0.9.1/go.mod h1:bwawxfHBFNV+L2hUp1rHADufV3IMtnDRdf1r5NINEl0=
github.com/soracom/endorse-client-go v0.1.0 h1:67uBeR9LRC0x0IO+uN3QMSe+BoxOsZBBC8yKZIbXn0o=
github.com/soracom/endorse-client-go v0.1.0/go.mod h1:T9oSIiqDT6lKmJa6EbxBuusBGGXfdLbrG/8fDvrrVFE=
golang.org/x/sys v0.0.0-20180727230415-bd9dbc187b6e h1:3dQ4fR8k5KugjVKO0oqSd1odxuk2yaE2CIfxWP2WarQ=
golang.org/x/sys v0.0.0-20180727230415-bd9dbc187b6e/go.mod h1:STP8DvDyc/dI5b8T5hshtkjS+E42TnysNCUPdjciGhY=
golang.org/x/sys v0.0.0-20200511232937-7e40ca221e25 h1:OKbAoGs4fGM5cPLlVQLZGYkFC8OnOfgo6tt0Smf9XhM=
golang.org/x/sys v0.0.0-20200511232937-7e40ca221e25/go.mod h1:h1NjWce9XRLGQEsW7wpKNCjG9DtNlClVuFLEZdDNbEs=
golang.org/x/xerrors v0.0.0-20191204190536-9bdfabe68543 h1:E7g+9GITq07hpfrRu66IVDexMakfv52eLZ2CXBWiKr4=
golang.org/x/xerrors v0.0.0-20191204190536-9bdfabe68543/go.mod h1:I/5z698sn9Ka8TeJc9MKroUUfqBBauWjQqLJ2OPfmY0=
